
Microsoft Visual Studio Solution File, Format Version 12.00
# Visual Studio Version 17
VisualStudioVersion = 17.11.35327.3
MinimumVisualStudioVersion = 10.0.40219.1
Project("{FAE04EC0-301F-11D3-BF4B-00C04F79EFBC}") = "LINQ Lab CodeAlong", "LINQ Lab CodeAlong\LINQ Lab CodeAlong.csproj", "{77BBBA70-2C95-4A44-8232-AC4FE6A4A931}"
EndProject
Global
	GlobalSection(SolutionConfigurationPlatforms) = preSolution
		Debug|Any CPU = Debug|Any CPU
		Release|Any CPU = Release|Any CPU
	EndGlobalSection
	GlobalSection(ProjectConfigurationPlatforms) = postSolution
		{77BBBA70-2C95-4A44-8232-AC4FE6A4A931}.Debug|Any CPU.ActiveCfg = Debug|Any CPU
		{77BBBA70-2C95-4A44-8232-AC4FE6A4A931}.Debug|Any CPU.Build.0 = Debug|Any CPU
		{77BBBA70-2C95-4A44-8232-AC4FE6A4A931}.Release|Any CPU.ActiveCfg = Release|Any CPU
		{77BBBA70-2C95-4A44-8232-AC4FE6A4A931}.Release|Any CPU.Build.0 = Release|Any CPU
	EndGlobalSection
	GlobalSection(SolutionProperties) = preSolution
		HideSolutionNode = FALSE
	EndGlobalSection
	GlobalSection(ExtensibilityGlobals) = postSolution
		SolutionGuid = {1223B82B-6BA5-4439-B68A-FDACF3682FA6}
	EndGlobalSection
EndGlobal
